PODS:
  - Capacitor (2.4.0):
    - CapacitorCordova
  - CapacitorCordova (2.4.0)
  - CordovaPlugins (2.4.1):
    - CapacitorCordova

DEPENDENCIES:
  - "Capacitor (from `../../node_modules/@capacitor/ios`)"
  - "CapacitorCordova (from `../../node_modules/@capacitor/ios`)"
  - CordovaPlugins (from `../capacitor-cordova-ios-plugins`)

EXTERNAL SOURCES:
  Capacitor:
    :path: "../../node_modules/@capacitor/ios"
  CapacitorCordova:
    :path: "../../node_modules/@capacitor/ios"
  CordovaPlugins:
    :path: "../capacitor-cordova-ios-plugins"

SPEC CHECKSUMS:
  Capacitor: 0bc38985fc7744924a8e1d72a53b11e93f53adb5
  CapacitorCordova: ffb86bd6630220cf94a63306a72f13c653fb43aa
  CordovaPlugins: de02907da2c748a79b08af4926c87be2334eb9a1

PODFILE CHECKSUM: ff24dfb46c2fa7275b23e15258afa59a2a37a315

COCOAPODS: 1.9.3
